// !$*UTF8*$!
{
	archiveVersion = 1;
	classes = {
	};
	objectVersion = 50;
	objects = {

/* Begin PBXBuildFile section */
		290EA66924D82B5B00FA437D /* SwiftUI_TestApp.swift in Sources */ = {isa = PBXBuildFile; fileRef = 290EA66824D82B5B00FA437D /* SwiftUI_TestApp.swift */; };
		290EA66B24D82B5B00FA437D /* HomeView.swift in Sources */ = {isa = PBXBuildFile; fileRef = 290EA66A24D82B5B00FA437D /* HomeView.swift */; };
		290EA66D24D82B5D00FA437D /* Assets.xcassets in Resources */ = {isa = PBXBuildFile; fileRef = 290EA66C24D82B5D00FA437D /* Assets.xcassets */; };
		290EA67024D82B5D00FA437D /* Preview Assets.xcassets in Resources */ = {isa = PBXBuildFile; fileRef = 290EA66F24D82B5D00FA437D /* Preview Assets.xcassets */; };
		2941C82E24E2BB230072DA8C /* HeaderSectionView.swift in Sources */ = {isa = PBXBuildFile; fileRef = 2941C82D24E2BB230072DA8C /* HeaderSectionView.swift */; };
		2941C83024E2C3E60072DA8C /* SelectableButtonStyle.swift in Sources */ = {isa = PBXBuildFile; fileRef = 2941C82F24E2C3E60072DA8C /* SelectableButtonStyle.swift */; };
		2965805624DBE3A200204A46 /* TextOptionsView.swift in Sources */ = {isa = PBXBuildFile; fileRef = 2965805524DBE3A200204A46 /* TextOptionsView.swift */; };
		2965805824DBE3FC00204A46 /* TextSimpleView.swift in Sources */ = {isa = PBXBuildFile; fileRef = 2965805724DBE3FC00204A46 /* TextSimpleView.swift */; };
		2965805A24DBE71500204A46 /* TextStyleView.swift in Sources */ = {isa = PBXBuildFile; fileRef = 2965805924DBE71500204A46 /* TextStyleView.swift */; };
		2965805C24DC01EC00204A46 /* TextHtml.swift in Sources */ = {isa = PBXBuildFile; fileRef = 2965805B24DC01EC00204A46 /* TextHtml.swift */; };
		2965805F24DC171D00204A46 /* ButtonOptionsView.swift in Sources */ = {isa = PBXBuildFile; fileRef = 2965805E24DC171D00204A46 /* ButtonOptionsView.swift */; };
		2965806124DC177700204A46 /* ButtonSimpleView.swift in Sources */ = {isa = PBXBuildFile; fileRef = 2965806024DC177700204A46 /* ButtonSimpleView.swift */; };
		2965806324DC1A6200204A46 /* ButtonStyleView.swift in Sources */ = {isa = PBXBuildFile; fileRef = 2965806224DC1A6200204A46 /* ButtonStyleView.swift */; };
		29B1758824D93C5E00FDDCDB /* NavigationConfigurator.swift in Sources */ = {isa = PBXBuildFile; fileRef = 29B1758724D93C5E00FDDCDB /* NavigationConfigurator.swift */; };
		29B1758B24D9591500FDDCDB /* LoginOptionsView.swift in Sources */ = {isa = PBXBuildFile; fileRef = 29B1758A24D9591500FDDCDB /* LoginOptionsView.swift */; };
		29B1758E24D9598800FDDCDB /* LoginFullScreenView.swift in Sources */ = {isa = PBXBuildFile; fileRef = 29B1758D24D9598800FDDCDB /* LoginFullScreenView.swift */; };
		29B1759024D9599600FDDCDB /* LoginEmbedView.swift in Sources */ = {isa = PBXBuildFile; fileRef = 29B1758F24D9599600FDDCDB /* LoginEmbedView.swift */; };
		29B1759224D959A500FDDCDB /* LoginComponentView.swift in Sources */ = {isa = PBXBuildFile; fileRef = 29B1759124D959A500FDDCDB /* LoginComponentView.swift */; };
		29B1759824D97FCE00FDDCDB /* GroupOptionsView.swift in Sources */ = {isa = PBXBuildFile; fileRef = 29B1759724D97FCE00FDDCDB /* GroupOptionsView.swift */; };
		29B1759A24D9876700FDDCDB /* GroupEncapsulateView.swift in Sources */ = {isa = PBXBuildFile; fileRef = 29B1759924D9876700FDDCDB /* GroupEncapsulateView.swift */; };
		29B1759C24D9877700FDDCDB /* GroupSkipLimitView.swift in Sources */ = {isa = PBXBuildFile; fileRef = 29B1759B24D9877700FDDCDB /* GroupSkipLimitView.swift */; };
		29B1759E24D9896C00FDDCDB /* GroupApplyStyleView.swift in Sources */ = {isa = PBXBuildFile; fileRef = 29B1759D24D9896C00FDDCDB /* GroupApplyStyleView.swift */; };
/* End PBXBuildFile section */

/* Begin PBXFileReference section */
		290EA66524D82B5B00FA437D /* SwiftUI-Test.app */ = {isa = PBXFileReference; explicitFileType = wrapper.application; includeInIndex = 0; path = "SwiftUI-Test.app"; sourceTree = BUILT_PRODUCTS_DIR; };
		290EA66824D82B5B00FA437D /* SwiftUI_TestApp.swift */ = {isa = PBXFileReference; lastKnownFileType = sourcecode.swift; path = SwiftUI_TestApp.swift; sourceTree = "<group>"; };
		290EA66A24D82B5B00FA437D /* HomeView.swift */ = {isa = PBXFileReference; lastKnownFileType = sourcecode.swift; path = HomeView.swift; sourceTree = "<group>"; };
		290EA66C24D82B5D00FA437D /* Assets.xcassets */ = {isa = PBXFileReference; lastKnownFileType = folder.assetcatalog; path = Assets.xcassets; sourceTree = "<group>"; };
		290EA66F24D82B5D00FA437D /* Preview Assets.xcassets */ = {isa = PBXFileReference; lastKnownFileType = folder.assetcatalog; path = "Preview Assets.xcassets"; sourceTree = "<group>"; };
		290EA67124D82B5D00FA437D /* Info.plist */ = {isa = PBXFileReference; lastKnownFileType = text.plist.xml; path = Info.plist; sourceTree = "<group>"; };
		2941C82D24E2BB230072DA8C /* HeaderSectionView.swift */ = {isa = PBXFileReference; lastKnownFileType = sourcecode.swift; path = HeaderSectionView.swift; sourceTree = "<group>"; };
		2941C82F24E2C3E60072DA8C /* SelectableButtonStyle.swift */ = {isa = PBXFileReference; lastKnownFileType = sourcecode.swift; path = SelectableButtonStyle.swift; sourceTree = "<group>"; };
		2965805524DBE3A200204A46 /* TextOptionsView.swift */ = {isa = PBXFileReference; lastKnownFileType = sourcecode.swift; path = TextOptionsView.swift; sourceTree = "<group>"; };
		2965805724DBE3FC00204A46 /* TextSimpleView.swift */ = {isa = PBXFileReference; lastKnownFileType = sourcecode.swift; path = TextSimpleView.swift; sourceTree = "<group>"; };
		2965805924DBE71500204A46 /* TextStyleView.swift */ = {isa = PBXFileReference; lastKnownFileType = sourcecode.swift; path = TextStyleView.swift; sourceTree = "<group>"; };
		2965805B24DC01EC00204A46 /* TextHtml.swift */ = {isa = PBXFileReference; lastKnownFileType = sourcecode.swift; path = TextHtml.swift; sourceTree = "<group>"; };
		2965805E24DC171D00204A46 /* ButtonOptionsView.swift */ = {isa = PBXFileReference; lastKnownFileType = sourcecode.swift; path = ButtonOptionsView.swift; sourceTree = "<group>"; };
		2965806024DC177700204A46 /* ButtonSimpleView.swift */ = {isa = PBXFileReference; lastKnownFileType = sourcecode.swift; path = ButtonSimpleView.swift; sourceTree = "<group>"; };
		2965806224DC1A6200204A46 /* ButtonStyleView.swift */ = {isa = PBXFileReference; lastKnownFileType = sourcecode.swift; path = ButtonStyleView.swift; sourceTree = "<group>"; };
		29B1758724D93C5E00FDDCDB /* NavigationConfigurator.swift */ = {isa = PBXFileReference; lastKnownFileType = sourcecode.swift; path = NavigationConfigurator.swift; sourceTree = "<group>"; };
		29B1758A24D9591500FDDCDB /* LoginOptionsView.swift */ = {isa = PBXFileReference; lastKnownFileType = sourcecode.swift; path = LoginOptionsView.swift; sourceTree = "<group>"; };
		29B1758D24D9598800FDDCDB /* LoginFullScreenView.swift */ = {isa = PBXFileReference; lastKnownFileType = sourcecode.swift; path = LoginFullScreenView.swift; sourceTree = "<group>"; };
		29B1758F24D9599600FDDCDB /* LoginEmbedView.swift */ = {isa = PBXFileReference; lastKnownFileType = sourcecode.swift; path = LoginEmbedView.swift; sourceTree = "<group>"; };
		29B1759124D959A500FDDCDB /* LoginComponentView.swift */ = {isa = PBXFileReference; lastKnownFileType = sourcecode.swift; path = LoginComponentView.swift; sourceTree = "<group>"; };
		29B1759724D97FCE00FDDCDB /* GroupOptionsView.swift */ = {isa = PBXFileReference; lastKnownFileType = sourcecode.swift; path = GroupOptionsView.swift; sourceTree = "<group>"; };
		29B1759924D9876700FDDCDB /* GroupEncapsulateView.swift */ = {isa = PBXFileReference; lastKnownFileType = sourcecode.swift; path = GroupEncapsulateView.swift; sourceTree = "<group>"; };
		29B1759B24D9877700FDDCDB /* GroupSkipLimitView.swift */ = {isa = PBXFileReference; lastKnownFileType = sourcecode.swift; path = GroupSkipLimitView.swift; sourceTree = "<group>"; };
		29B1759D24D9896C00FDDCDB /* GroupApplyStyleView.swift */ = {isa = PBXFileReference; lastKnownFileType = sourcecode.swift; path = GroupApplyStyleView.swift; sourceTree = "<group>"; };
/* End PBXFileReference section */

/* Begin PBXFrameworksBuildPhase section */
		290EA66224D82B5B00FA437D /* Frameworks */ = {
			isa = PBXFrameworksBuildPhase;
			buildActionMask = 2147483647;
			files = (
			);
			runOnlyForDeploymentPostprocessing = 0;
		};
/* End PBXFrameworksBuildPhase section */

/* Begin PBXGroup section */
		290EA65C24D82B5B00FA437D = {
			isa = PBXGroup;
			children = (
				290EA66724D82B5B00FA437D /* SwiftUI-Test */,
				290EA66624D82B5B00FA437D /* Products */,
			);
			sourceTree = "<group>";
		};
		290EA66624D82B5B00FA437D /* Products */ = {
			isa = PBXGroup;
			children = (
				290EA66524D82B5B00FA437D /* SwiftUI-Test.app */,
			);
			name = Products;
			sourceTree = "<group>";
		};
		290EA66724D82B5B00FA437D /* SwiftUI-Test */ = {
			isa = PBXGroup;
			children = (
				29B1758924D9579600FDDCDB /* ui */,
				29B1758624D93C4C00FDDCDB /* ViewControllerRepresentable */,
				290EA66824D82B5B00FA437D /* SwiftUI_TestApp.swift */,
				290EA66C24D82B5D00FA437D /* Assets.xcassets */,
				290EA67124D82B5D00FA437D /* Info.plist */,
				290EA66E24D82B5D00FA437D /* Preview Content */,
			);
			path = "SwiftUI-Test";
			sourceTree = "<group>";
		};
		290EA66E24D82B5D00FA437D /* Preview Content */ = {
			isa = PBXGroup;
			children = (
				290EA66F24D82B5D00FA437D /* Preview Assets.xcassets */,
			);
			path = "Preview Content";
			sourceTree = "<group>";
		};
		2941C82C24E2BB0B0072DA8C /* Common */ = {
			isa = PBXGroup;
			children = (
				2941C82D24E2BB230072DA8C /* HeaderSectionView.swift */,
				2941C82F24E2C3E60072DA8C /* SelectableButtonStyle.swift */,
			);
			path = Common;
			sourceTree = "<group>";
		};
		2965805424DBE38600204A46 /* Text */ = {
			isa = PBXGroup;
			children = (
				2965805524DBE3A200204A46 /* TextOptionsView.swift */,
				2965805724DBE3FC00204A46 /* TextSimpleView.swift */,
				2965805924DBE71500204A46 /* TextStyleView.swift */,
			);
			path = Text;
			sourceTree = "<group>";
		};
		2965805D24DC16CF00204A46 /* Button */ = {
			isa = PBXGroup;
			children = (
				2965805E24DC171D00204A46 /* ButtonOptionsView.swift */,
				2965806024DC177700204A46 /* ButtonSimpleView.swift */,
				2965806224DC1A6200204A46 /* ButtonStyleView.swift */,
			);
			path = Button;
			sourceTree = "<group>";
		};
		29B1758624D93C4C00FDDCDB /* ViewControllerRepresentable */ = {
			isa = PBXGroup;
			children = (
				29B1758724D93C5E00FDDCDB /* NavigationConfigurator.swift */,
				2965805B24DC01EC00204A46 /* TextHtml.swift */,
			);
			path = ViewControllerRepresentable;
			sourceTree = "<group>";
		};
		29B1758924D9579600FDDCDB /* ui */ = {
			isa = PBXGroup;
			children = (
				2941C82C24E2BB0B0072DA8C /* Common */,
				2965805D24DC16CF00204A46 /* Button */,
				2965805424DBE38600204A46 /* Text */,
				29B1759624D97FC000FDDCDB /* Group */,
				29B1758C24D9597400FDDCDB /* Login */,
				290EA66A24D82B5B00FA437D /* HomeView.swift */,
			);
			path = ui;
			sourceTree = "<group>";
		};
		29B1758C24D9597400FDDCDB /* Login */ = {
			isa = PBXGroup;
			children = (
				29B1758A24D9591500FDDCDB /* LoginOptionsView.swift */,
				29B1758D24D9598800FDDCDB /* LoginFullScreenView.swift */,
				29B1758F24D9599600FDDCDB /* LoginEmbedView.swift */,
				29B1759124D959A500FDDCDB /* LoginComponentView.swift */,
			);
			path = Login;
			sourceTree = "<group>";
		};
		29B1759624D97FC000FDDCDB /* Group */ = {
			isa = PBXGroup;
			children = (
				29B1759724D97FCE00FDDCDB /* GroupOptionsView.swift */,
				29B1759924D9876700FDDCDB /* GroupEncapsulateView.swift */,
				29B1759B24D9877700FDDCDB /* GroupSkipLimitView.swift */,
				29B1759D24D9896C00FDDCDB /* GroupApplyStyleView.swift */,
			);
			path = Group;
			sourceTree = "<group>";
		};
/* End PBXGroup section */

/* Begin PBXNativeTarget section */
		290EA66424D82B5B00FA437D /* SwiftUI-Test */ = {
			isa = PBXNativeTarget;
			buildConfigurationList = 290EA67424D82B5D00FA437D /* Build configuration list for PBXNativeTarget "SwiftUI-Test" */;
			buildPhases = (
				290EA66124D82B5B00FA437D /* Sources */,
				290EA66224D82B5B00FA437D /* Frameworks */,
				290EA66324D82B5B00FA437D /* Resources */,
			);
			buildRules = (
			);
			dependencies = (
			);
			name = "SwiftUI-Test";
			productName = "SwiftUI-Test";
			productReference = 290EA66524D82B5B00FA437D /* SwiftUI-Test.app */;
			productType = "com.apple.product-type.application";
		};
/* End PBXNativeTarget section */

/* Begin PBXProject section */
		290EA65D24D82B5B00FA437D /* Project object */ = {
			isa = PBXProject;
			attributes = {
				LastSwiftUpdateCheck = 1200;
				LastUpgradeCheck = 1200;
				TargetAttributes = {
					290EA66424D82B5B00FA437D = {
						CreatedOnToolsVersion = 12.0;
					};
				};
			};
			buildConfigurationList = 290EA66024D82B5B00FA437D /* Build configuration list for PBXProject "SwiftUI-Test" */;
			compatibilityVersion = "Xcode 9.3";
			developmentRegion = en;
			hasScannedForEncodings = 0;
			knownRegions = (
				en,
				Base,
			);
			mainGroup = 290EA65C24D82B5B00FA437D;
			productRefGroup = 290EA66624D82B5B00FA437D /* Products */;
			projectDirPath = "";
			projectRoot = "";
			targets = (
				290EA66424D82B5B00FA437D /* SwiftUI-Test */,
			);
		};
/* End PBXProject section */

/* Begin PBXResourcesBuildPhase section */
		290EA66324D82B5B00FA437D /* Resources */ = {
			isa = PBXResourcesBuildPhase;
			buildActionMask = 2147483647;
			files = (
				290EA67024D82B5D00FA437D /* Preview Assets.xcassets in Resources */,
				290EA66D24D82B5D00FA437D /* Assets.xcassets in Resources */,
			);
			runOnlyForDeploymentPostprocessing = 0;
		};
/* End PBXResourcesBuildPhase section */

/* Begin PBXSourcesBuildPhase section */
		290EA66124D82B5B00FA437D /* Sources */ = {
			isa = PBXSourcesBuildPhase;
			buildActionMask = 2147483647;
			files = (
				2965806324DC1A6200204A46 /* ButtonStyleView.swift in Sources */,
				29B1759224D959A500FDDCDB /* LoginComponentView.swift in Sources */,
				290EA66B24D82B5B00FA437D /* HomeView.swift in Sources */,
				2941C83024E2C3E60072DA8C /* SelectableButtonStyle.swift in Sources */,
				29B1759824D97FCE00FDDCDB /* GroupOptionsView.swift in Sources */,
				2965805824DBE3FC00204A46 /* TextSimpleView.swift in Sources */,
				29B1759E24D9896C00FDDCDB /* GroupApplyStyleView.swift in Sources */,
				2965805F24DC171D00204A46 /* ButtonOptionsView.swift in Sources */,
				29B1759C24D9877700FDDCDB /* GroupSkipLimitView.swift in Sources */,
				29B1758E24D9598800FDDCDB /* LoginFullScreenView.swift in Sources */,
				2965805C24DC01EC00204A46 /* TextHtml.swift in Sources */,
				2965805A24DBE71500204A46 /* TextStyleView.swift in Sources */,
				2941C82E24E2BB230072DA8C /* HeaderSectionView.swift in Sources */,
				29B1759024D9599600FDDCDB /* LoginEmbedView.swift in Sources */,
				2965806124DC177700204A46 /* ButtonSimpleView.swift in Sources */,
				29B1758B24D9591500FDDCDB /* LoginOptionsView.swift in Sources */,
				2965805624DBE3A200204A46 /* TextOptionsView.swift in Sources */,
				29B1758824D93C5E00FDDCDB /* NavigationConfigurator.swift in Sources */,
				290EA66924D82B5B00FA437D /* SwiftUI_TestApp.swift in Sources */,
				29B1759A24D9876700FDDCDB /* GroupEncapsulateView.swift in Sources */,
			);
			runOnlyForDeploymentPostprocessing = 0;
		};
/* End PBXSourcesBuildPhase section */

/* Begin XCBuildConfiguration section */
		290EA67224D82B5D00FA437D /* Debug */ = {
			isa = XCBuildConfiguration;
			buildSettings = {
				ALWAYS_SEARCH_USER_PATHS = NO;
				CLANG_ANALYZER_NONNULL = YES;
				CLANG_ANALYZER_NUMBER_OBJECT_CONVERSION = YES_AGGRESSIVE;
				CLANG_CXX_LANGUAGE_STANDARD = "gnu++14";
				CLANG_CXX_LIBRARY = "libc++";
				CLANG_ENABLE_MODULES = YES;
				CLANG_ENABLE_OBJC_ARC = YES;
				CLANG_ENABLE_OBJC_WEAK = YES;
				CLANG_WARN_BLOCK_CAPTURE_AUTORELEASING = YES;
				CLANG_WARN_BOOL_CONVERSION = YES;
				CLANG_WARN_COMMA = YES;
				CLANG_WARN_CONSTANT_CONVERSION = YES;
				CLANG_WARN_DEPRECATED_OBJC_IMPLEMENTATIONS = YES;
				CLANG_WARN_DIRECT_OBJC_ISA_USAGE = YES_ERROR;
				CLANG_WARN_DOCUMENTATION_COMMENTS = YES;
				CLANG_WARN_EMPTY_BODY = YES;
				CLANG_WARN_ENUM_CONVERSION = YES;
				CLANG_WARN_INFINITE_RECURSION = YES;
				CLANG_WARN_INT_CONVERSION = YES;
				CLANG_WARN_NON_LITERAL_NULL_CONVERSION = YES;
				CLANG_WARN_OBJC_IMPLICIT_RETAIN_SELF = YES;
				CLANG_WARN_OBJC_LITERAL_CONVERSION = YES;
				CLANG_WARN_OBJC_ROOT_CLASS = YES_ERROR;
				CLANG_WARN_QUOTED_INCLUDE_IN_FRAMEWORK_HEADER = YES;
				CLANG_WARN_RANGE_LOOP_ANALYSIS = YES;
				CLANG_WARN_STRICT_PROTOTYPES = YES;
				CLANG_WARN_SUSPICIOUS_MOVE = YES;
				CLANG_WARN_UNGUARDED_AVAILABILITY = YES_AGGRESSIVE;
				CLANG_WARN_UNREACHABLE_CODE = YES;
				CLANG_WARN__DUPLICATE_METHOD_MATCH = YES;
				COPY_PHASE_STRIP = NO;
				DEBUG_INFORMATION_FORMAT = dwarf;
				ENABLE_STRICT_OBJC_MSGSEND = YES;
				ENABLE_TESTABILITY = YES;
				GCC_C_LANGUAGE_STANDARD = gnu11;
				GCC_DYNAMIC_NO_PIC = NO;
				GCC_NO_COMMON_BLOCKS = YES;
				GCC_OPTIMIZATION_LEVEL = 0;
				GCC_PREPROCESSOR_DEFINITIONS = (
					"DEBUG=1",
					"$(inherited)",
				);
				GCC_WARN_64_TO_32_BIT_CONVERSION = YES;
				GCC_WARN_ABOUT_RETURN_TYPE = YES_ERROR;
				GCC_WARN_UNDECLARED_SELECTOR = YES;
				GCC_WARN_UNINITIALIZED_AUTOS = YES_AGGRESSIVE;
				GCC_WARN_UNUSED_FUNCTION = YES;
				GCC_WARN_UNUSED_VARIABLE = YES;
				IPHONEOS_DEPLOYMENT_TARGET = 14.0;
				MTL_ENABLE_DEBUG_INFO = INCLUDE_SOURCE;
				MTL_FAST_MATH = YES;
				ONLY_ACTIVE_ARCH = YES;
				SDKROOT = iphoneos;
				SWIFT_ACTIVE_COMPILATION_CONDITIONS = DEBUG;
				SWIFT_OPTIMIZATION_LEVEL = "-Onone";
			};
			name = Debug;
		};
		290EA67324D82B5D00FA437D /* Release */ = {
			isa = XCBuildConfiguration;
			buildSettings = {
				ALWAYS_SEARCH_USER_PATHS = NO;
				CLANG_ANALYZER_NONNULL = YES;
				CLANG_ANALYZER_NUMBER_OBJECT_CONVERSION = YES_AGGRESSIVE;
				CLANG_CXX_LANGUAGE_STANDARD = "gnu++14";
				CLANG_CXX_LIBRARY = "libc++";
				CLANG_ENABLE_MODULES = YES;
				CLANG_ENABLE_OBJC_ARC = YES;
				CLANG_ENABLE_OBJC_WEAK = YES;
				CLANG_WARN_BLOCK_CAPTURE_AUTORELEASING = YES;
				CLANG_WARN_BOOL_CONVERSION = YES;
				CLANG_WARN_COMMA = YES;
				CLANG_WARN_CONSTANT_CONVERSION = YES;
				CLANG_WARN_DEPRECATED_OBJC_IMPLEMENTATIONS = YES;
				CLANG_WARN_DIRECT_OBJC_ISA_USAGE = YES_ERROR;
				CLANG_WARN_DOCUMENTATION_COMMENTS = YES;
				CLANG_WARN_EMPTY_BODY = YES;
				CLANG_WARN_ENUM_CONVERSION = YES;
				CLANG_WARN_INFINITE_RECURSION = YES;
				CLANG_WARN_INT_CONVERSION = YES;
				CLANG_WARN_NON_LITERAL_NULL_CONVERSION = YES;
				CLANG_WARN_OBJC_IMPLICIT_RETAIN_SELF = YES;
				CLANG_WARN_OBJC_LITERAL_CONVERSION = YES;
				CLANG_WARN_OBJC_ROOT_CLASS = YES_ERROR;
				CLANG_WARN_QUOTED_INCLUDE_IN_FRAMEWORK_HEADER = YES;
				CLANG_WARN_RANGE_LOOP_ANALYSIS = YES;
				CLANG_WARN_STRICT_PROTOTYPES = YES;
				CLANG_WARN_SUSPICIOUS_MOVE = YES;
				CLANG_WARN_UNGUARDED_AVAILABILITY = YES_AGGRESSIVE;
				CLANG_WARN_UNREACHABLE_CODE = YES;
				CLANG_WARN__DUPLICATE_METHOD_MATCH = YES;
				COPY_PHASE_STRIP = NO;
				DEBUG_INFORMATION_FORMAT = "dwarf-with-dsym";
				ENABLE_NS_ASSERTIONS = NO;
				ENABLE_STRICT_OBJC_MSGSEND = YES;
				GCC_C_LANGUAGE_STANDARD = gnu11;
				GCC_NO_COMMON_BLOCKS = YES;
				GCC_WARN_64_TO_32_BIT_CONVERSION = YES;
				GCC_WARN_ABOUT_RETURN_TYPE = YES_ERROR;
				GCC_WARN_UNDECLARED_SELECTOR = YES;
				GCC_WARN_UNINITIALIZED_AUTOS = YES_AGGRESSIVE;
				GCC_WARN_UNUSED_FUNCTION = YES;
				GCC_WARN_UNUSED_VARIABLE = YES;
				IPHONEOS_DEPLOYMENT_TARGET = 14.0;
				MTL_ENABLE_DEBUG_INFO = NO;
				MTL_FAST_MATH = YES;
				SDKROOT = iphoneos;
				SWIFT_COMPILATION_MODE = wholemodule;
				SWIFT_OPTIMIZATION_LEVEL = "-O";
				VALIDATE_PRODUCT = YES;
			};
			name = Release;
		};
		290EA67524D82B5D00FA437D /* Debug */ = {
			isa = XCBuildConfiguration;
			buildSettings = {
				ASSETCATALOG_COMPILER_APPICON_NAME = AppIcon;
				ASSETCATALOG_COMPILER_GLOBAL_ACCENT_COLOR_NAME = AccentColor;
				CODE_SIGN_STYLE = Automatic;
				DEVELOPMENT_ASSET_PATHS = "\"SwiftUI-Test/Preview Content\"";
				DEVELOPMENT_TEAM = Y5G9RYLF8Y;
				ENABLE_PREVIEWS = YES;
				INFOPLIST_FILE = "SwiftUI-Test/Info.plist";
				IPHONEOS_DEPLOYMENT_TARGET = 14.0;
				LD_RUNPATH_SEARCH_PATHS = (
					"$(inherited)",
					"@executable_path/Frameworks",
				);
				PRODUCT_BUNDLE_IDENTIFIER = "es.sdos.test.SwiftUI-Test";
				PRODUCT_NAME = "$(TARGET_NAME)";
				SWIFT_VERSION = 5.0;
				TARGETED_DEVICE_FAMILY = "1,2";
			};
			name = Debug;
		};
		290EA67624D82B5D00FA437D /* Release */ = {
			isa = XCBuildConfiguration;
			buildSettings = {
				ASSETCATALOG_COMPILER_APPICON_NAME = AppIcon;
				ASSETCATALOG_COMPILER_GLOBAL_ACCENT_COLOR_NAME = AccentColor;
				CODE_SIGN_STYLE = Automatic;
				DEVELOPMENT_ASSET_PATHS = "\"SwiftUI-Test/Preview Content\"";
				DEVELOPMENT_TEAM = Y5G9RYLF8Y;
				ENABLE_PREVIEWS = YES;
				INFOPLIST_FILE = "SwiftUI-Test/Info.plist";
				IPHONEOS_DEPLOYMENT_TARGET = 14.0;
				LD_RUNPATH_SEARCH_PATHS = (
					"$(inherited)",
					"@executable_path/Frameworks",
				);
				PRODUCT_BUNDLE_IDENTIFIER = "es.sdos.test.SwiftUI-Test";
				PRODUCT_NAME = "$(TARGET_NAME)";
				SWIFT_VERSION = 5.0;
				TARGETED_DEVICE_FAMILY = "1,2";
			};
			name = Release;
		};
/* End XCBuildConfiguration section */

/* Begin XCConfigurationList section */
		290EA66024D82B5B00FA437D /* Build configuration list for PBXProject "SwiftUI-Test" */ = {
			isa = XCConfigurationList;
			buildConfigurations = (
				290EA67224D82B5D00FA437D /* Debug */,
				290EA67324D82B5D00FA437D /* Release */,
			);
			defaultConfigurationIsVisible = 0;
			defaultConfigurationName = Release;
		};
		290EA67424D82B5D00FA437D /* Build configuration list for PBXNativeTarget "SwiftUI-Test" */ = {
			isa = XCConfigurationList;
			buildConfigurations = (
				290EA67524D82B5D00FA437D /* Debug */,
				290EA67624D82B5D00FA437D /* Release */,
			);
			defaultConfigurationIsVisible = 0;
			defaultConfigurationName = Release;
		};
/* End XCConfigurationList section */
	};
	rootObject = 290EA65D24D82B5B00FA437D /* Project object */;
}
